
Microsoft Visual Studio Solution File, Format Version 12.00
# Visual Studio 15
VisualStudioVersion = 15.0.27428.2043
MinimumVisualStudioVersion = 10.0.40219.1
Project("{FAE04EC0-301F-11D3-BF4B-00C04F79EFBC}") = "Api", "Api\Api.csproj", "{14F45C09-CB5A-4EC9-806F-270A8543D655}"
EndProject
Project("{2150E333-8FDC-42A3-9474-1A3956D46DE8}") = "MyApi", "MyApi", "{3AC00818-51C8-49AE-9802-7B04592F11CB}"
EndProject
Project("{FAE04EC0-301F-11D3-BF4B-00C04F79EFBC}") = "api.Controllers", "api.Controllers\api.Controllers.csproj", "{16757F6D-A34B-4255-A754-A8F657ADD190}"
EndProject
Project("{FAE04EC0-301F-11D3-BF4B-00C04F79EFBC}") = "api.Implementation", "api.Implementation\api.Implementation.csproj", "{20BFBE12-DD4D-4B0E-9405-5D955132EF64}"
EndProject
Project("{FAE04EC0-301F-11D3-BF4B-00C04F79EFBC}") = "api.Types", "api.Types\api.Types.csproj", "{28116040-3E29-4C3C-A289-0AB2852F5370}"
EndProject
Project("{FAE04EC0-301F-11D3-BF4B-00C04F79EFBC}") = "api.Interfaces", "api.Interfaces\api.Interfaces.csproj", "{186927CB-D38E-46AC-8C33-4CF533FCBA71}"
EndProject
Project("{2150E333-8FDC-42A3-9474-1A3956D46DE8}") = "ExternalApi", "ExternalApi", "{169E665C-711D-4DB5-A897-5425EB98FE57}"
EndProject
Project("{FAE04EC0-301F-11D3-BF4B-00C04F79EFBC}") = "ExternalApi.Implementation", "ExternalApi\ExternalApi.Implementation\ExternalApi.Implementation.csproj", "{2D55556D-2F65-441A-8577-11706D41E774}"
EndProject
Project("{FAE04EC0-301F-11D3-BF4B-00C04F79EFBC}") = "ExternalApi.Interfaces", "ExternalApi\ExternalApi.Interfaces\ExternalApi.Interfaces.csproj", "{64416875-5157-41BF-B267-BFDD1D94007B}"
EndProject
Project("{FAE04EC0-301F-11D3-BF4B-00C04F79EFBC}") = "ExternalApi.Types", "ExternalApi\ExternalApi.Types\ExternalApi.Types.csproj", "{B956E23F-3F07-49B7-A846-343CC3D1B17C}"
EndProject
Project("{2150E333-8FDC-42A3-9474-1A3956D46DE8}") = "Unit Tests", "Unit Tests", "{4932F18D-3E5F-4836-AB75-7404D92BA463}"
EndProject
Project("{FAE04EC0-301F-11D3-BF4B-00C04F79EFBC}") = "BitLoggerTests", "BitLoggerTests\BitLoggerTests.csproj", "{0F28C650-5D35-4F55-A3CD-83CDD3CD841B}"
EndProject
Global
	GlobalSection(SolutionConfigurationPlatforms) = preSolution
		Debug|Any CPU = Debug|Any CPU
		Release|Any CPU = Release|Any CPU
	EndGlobalSection
	GlobalSection(ProjectConfigurationPlatforms) = postSolution
		{14F45C09-CB5A-4EC9-806F-270A8543D655}.Debug|Any CPU.ActiveCfg = Debug|Any CPU
		{14F45C09-CB5A-4EC9-806F-270A8543D655}.Debug|Any CPU.Build.0 = Debug|Any CPU
		{14F45C09-CB5A-4EC9-806F-270A8543D655}.Release|Any CPU.ActiveCfg = Release|Any CPU
		{14F45C09-CB5A-4EC9-806F-270A8543D655}.Release|Any CPU.Build.0 = Release|Any CPU
		{16757F6D-A34B-4255-A754-A8F657ADD190}.Debug|Any CPU.ActiveCfg = Debug|Any CPU
		{16757F6D-A34B-4255-A754-A8F657ADD190}.Debug|Any CPU.Build.0 = Debug|Any CPU
		{16757F6D-A34B-4255-A754-A8F657ADD190}.Release|Any CPU.ActiveCfg = Release|Any CPU
		{16757F6D-A34B-4255-A754-A8F657ADD190}.Release|Any CPU.Build.0 = Release|Any CPU
		{20BFBE12-DD4D-4B0E-9405-5D955132EF64}.Debug|Any CPU.ActiveCfg = Debug|Any CPU
		{20BFBE12-DD4D-4B0E-9405-5D955132EF64}.Debug|Any CPU.Build.0 = Debug|Any CPU
		{20BFBE12-DD4D-4B0E-9405-5D955132EF64}.Release|Any CPU.ActiveCfg = Release|Any CPU
		{20BFBE12-DD4D-4B0E-9405-5D955132EF64}.Release|Any CPU.Build.0 = Release|Any CPU
		{28116040-3E29-4C3C-A289-0AB2852F5370}.Debug|Any CPU.ActiveCfg = Debug|Any CPU
		{28116040-3E29-4C3C-A289-0AB2852F5370}.Debug|Any CPU.Build.0 = Debug|Any CPU
		{28116040-3E29-4C3C-A289-0AB2852F5370}.Release|Any CPU.ActiveCfg = Release|Any CPU
		{28116040-3E29-4C3C-A289-0AB2852F5370}.Release|Any CPU.Build.0 = Release|Any CPU
		{186927CB-D38E-46AC-8C33-4CF533FCBA71}.Debug|Any CPU.ActiveCfg = Debug|Any CPU
		{186927CB-D38E-46AC-8C33-4CF533FCBA71}.Debug|Any CPU.Build.0 = Debug|Any CPU
		{186927CB-D38E-46AC-8C33-4CF533FCBA71}.Release|Any CPU.ActiveCfg = Release|Any CPU
		{186927CB-D38E-46AC-8C33-4CF533FCBA71}.Release|Any CPU.Build.0 = Release|Any CPU
		{2D55556D-2F65-441A-8577-11706D41E774}.Debug|Any CPU.ActiveCfg = Debug|Any CPU
		{2D55556D-2F65-441A-8577-11706D41E774}.Debug|Any CPU.Build.0 = Debug|Any CPU
		{2D55556D-2F65-441A-8577-11706D41E774}.Release|Any CPU.ActiveCfg = Release|Any CPU
		{2D55556D-2F65-441A-8577-11706D41E774}.Release|Any CPU.Build.0 = Release|Any CPU
		{64416875-5157-41BF-B267-BFDD1D94007B}.Debug|Any CPU.ActiveCfg = Debug|Any CPU
		{64416875-5157-41BF-B267-BFDD1D94007B}.Debug|Any CPU.Build.0 = Debug|Any CPU
		{64416875-5157-41BF-B267-BFDD1D94007B}.Release|Any CPU.ActiveCfg = Release|Any CPU
		{64416875-5157-41BF-B267-BFDD1D94007B}.Release|Any CPU.Build.0 = Release|Any CPU
		{B956E23F-3F07-49B7-A846-343CC3D1B17C}.Debug|Any CPU.ActiveCfg = Debug|Any CPU
		{B956E23F-3F07-49B7-A846-343CC3D1B17C}.Debug|Any CPU.Build.0 = Debug|Any CPU
		{B956E23F-3F07-49B7-A846-343CC3D1B17C}.Release|Any CPU.ActiveCfg = Release|Any CPU
		{B956E23F-3F07-49B7-A846-343CC3D1B17C}.Release|Any CPU.Build.0 = Release|Any CPU
		{0F28C650-5D35-4F55-A3CD-83CDD3CD841B}.Debug|Any CPU.ActiveCfg = Debug|Any CPU
		{0F28C650-5D35-4F55-A3CD-83CDD3CD841B}.Debug|Any CPU.Build.0 = Debug|Any CPU
		{0F28C650-5D35-4F55-A3CD-83CDD3CD841B}.Release|Any CPU.ActiveCfg = Release|Any CPU
		{0F28C650-5D35-4F55-A3CD-83CDD3CD841B}.Release|Any CPU.Build.0 = Release|Any CPU
	EndGlobalSection
	GlobalSection(SolutionProperties) = preSolution
		HideSolutionNode = FALSE
	EndGlobalSection
	GlobalSection(NestedProjects) = preSolution
		{16757F6D-A34B-4255-A754-A8F657ADD190} = {3AC00818-51C8-49AE-9802-7B04592F11CB}
		{20BFBE12-DD4D-4B0E-9405-5D955132EF64} = {3AC00818-51C8-49AE-9802-7B04592F11CB}
		{28116040-3E29-4C3C-A289-0AB2852F5370} = {3AC00818-51C8-49AE-9802-7B04592F11CB}
		{186927CB-D38E-46AC-8C33-4CF533FCBA71} = {3AC00818-51C8-49AE-9802-7B04592F11CB}
		{2D55556D-2F65-441A-8577-11706D41E774} = {169E665C-711D-4DB5-A897-5425EB98FE57}
		{64416875-5157-41BF-B267-BFDD1D94007B} = {169E665C-711D-4DB5-A897-5425EB98FE57}
		{B956E23F-3F07-49B7-A846-343CC3D1B17C} = {169E665C-711D-4DB5-A897-5425EB98FE57}
		{0F28C650-5D35-4F55-A3CD-83CDD3CD841B} = {4932F18D-3E5F-4836-AB75-7404D92BA463}
	EndGlobalSection
	GlobalSection(ExtensibilityGlobals) = postSolution
		SolutionGuid = {F9EB8FF7-F4FE-4EB0-97EE-22C91DB51DDA}
	EndGlobalSection
EndGlobal
